// !$*UTF8*$!
{
	archiveVersion = 1;
	classes = {
	};
	objectVersion = 50;
	objects = {

/* Begin PBXBuildFile section */
		62F06B6A23846C47002FF664 /* AppDelegate.swift in Sources */ = {isa = PBXBuildFile; fileRef = 62F06B6923846C47002FF664 /* AppDelegate.swift */; };
		62F06B6C23846C47002FF664 /* SceneDelegate.swift in Sources */ = {isa = PBXBuildFile; fileRef = 62F06B6B23846C47002FF664 /* SceneDelegate.swift */; };
		62F06B6E23846C47002FF664 /* ViewController.swift in Sources */ = {isa = PBXBuildFile; fileRef = 62F06B6D23846C47002FF664 /* ViewController.swift */; };
		62F06B7123846C47002FF664 /* Main.storyboard in Resources */ = {isa = PBXBuildFile; fileRef = 62F06B6F23846C47002FF664 /* Main.storyboard */; };
		62F06B7323846C4B002FF664 /* Assets.xcassets in Resources */ = {isa = PBXBuildFile; fileRef = 62F06B7223846C4B002FF664 /* Assets.xcassets */; };
		62F06B7623846C4B002FF664 /* LaunchScreen.storyboard in Resources */ = {isa = PBXBuildFile; fileRef = 62F06B7423846C4B002FF664 /* LaunchScreen.storyboard */; };
/* End PBXBuildFile section */

/* Begin PBXFileReference section */
		62F06B6623846C47002FF664 /* QuoteFInder.app */ = {isa = PBXFileReference; explicitFileType = wrapper.application; includeInIndex = 0; path = QuoteFInder.app; sourceTree = BUILT_PRODUCTS_DIR; };
		62F06B6923846C47002FF664 /* AppDelegate.swift */ = {isa = PBXFileReference; lastKnownFileType = sourcecode.swift; path = AppDelegate.swift; sourceTree = "<group>"; };
		62F06B6B23846C47002FF664 /* SceneDelegate.swift */ = {isa = PBXFileReference; lastKnownFileType = sourcecode.swift; path = SceneDelegate.swift; sourceTree = "<group>"; };
		62F06B6D23846C47002FF664 /* ViewController.swift */ = {isa = PBXFileReference; lastKnownFileType = sourcecode.swift; path = ViewController.swift; sourceTree = "<group>"; };
		62F06B7023846C47002FF664 /* Base */ = {isa = PBXFileReference; lastKnownFileType = file.storyboard; name = Base; path = Base.lproj/Main.storyboard; sourceTree = "<group>"; };
		62F06B7223846C4B002FF664 /* Assets.xcassets */ = {isa = PBXFileReference; lastKnownFileType = folder.assetcatalog; path = Assets.xcassets; sourceTree = "<group>"; };
		62F06B7523846C4B002FF664 /* Base */ = {isa = PBXFileReference; lastKnownFileType = file.storyboard; name = Base; path = Base.lproj/LaunchScreen.storyboard; sourceTree = "<group>"; };
		62F06B7723846C4B002FF664 /* Info.plist */ = {isa = PBXFileReference; lastKnownFileType = text.plist.xml; path = Info.plist; sourceTree = "<group>"; };
/* End PBXFileReference section */

/* Begin PBXFrameworksBuildPhase section */
		62F06B6323846C47002FF664 /* Frameworks */ = {
			isa = PBXFrameworksBuildPhase;
			buildActionMask = 2147483647;
			files = (
			);
			runOnlyForDeploymentPostprocessing = 0;
		};
/* End PBXFrameworksBuildPhase section */

/* Begin PBXGroup section */
		62F06B5D23846C47002FF664 = {
			isa = PBXGroup;
			children = (
				62F06B6823846C47002FF664 /* QuoteFInder */,
				62F06B6723846C47002FF664 /* Products */,
			);
			sourceTree = "<group>";
		};
		62F06B6723846C47002FF664 /* Products */ = {
			isa = PBXGroup;
			children = (
				62F06B6623846C47002FF664 /* QuoteFInder.app */,
			);
			name = Products;
			sourceTree = "<group>";
		};
		62F06B6823846C47002FF664 /* QuoteFInder */ = {
			isa = PBXGroup;
			children = (
				62F06B7E23846C6E002FF664 /* Views */,
				62F06B7D23846C5E002FF664 /* Resources */,
			);
			path = QuoteFInder;
			sourceTree = "<group>";
		};
		62F06B7D23846C5E002FF664 /* Resources */ = {
			isa = PBXGroup;
			children = (
				62F06B6923846C47002FF664 /* AppDelegate.swift */,
				62F06B6B23846C47002FF664 /* SceneDelegate.swift */,
				62F06B7223846C4B002FF664 /* Assets.xcassets */,
				62F06B7423846C4B002FF664 /* LaunchScreen.storyboard */,
				62F06B7723846C4B002FF664 /* Info.plist */,
			);
			path = Resources;
			sourceTree = "<group>";
		};
		62F06B7E23846C6E002FF664 /* Views */ = {
			isa = PBXGroup;
			children = (
				62F06B7F23846C74002FF664 /* ViewControllers */,
				62F06B8023846C7D002FF664 /* Storyboards */,
			);
			path = Views;
			sourceTree = "<group>";
		};
		62F06B7F23846C74002FF664 /* ViewControllers */ = {
			isa = PBXGroup;
			children = (
				62F06B6D23846C47002FF664 /* ViewController.swift */,
			);
			path = ViewControllers;
			sourceTree = "<group>";
		};
		62F06B8023846C7D002FF664 /* Storyboards */ = {
			isa = PBXGroup;
			children = (
				62F06B6F23846C47002FF664 /* Main.storyboard */,
			);
			path = Storyboards;
			sourceTree = "<group>";
		};
/* End PBXGroup section */

/* Begin PBXNativeTarget section */
		62F06B6523846C47002FF664 /* QuoteFInder */ = {
			isa = PBXNativeTarget;
			buildConfigurationList = 62F06B7A23846C4B002FF664 /* Build configuration list for PBXNativeTarget "QuoteFInder" */;
			buildPhases = (
				62F06B6223846C47002FF664 /* Sources */,
				62F06B6323846C47002FF664 /* Frameworks */,
				62F06B6423846C47002FF664 /* Resources */,
			);
			buildRules = (
			);
			dependencies = (
			);
			name = QuoteFInder;
			productName = QuoteFInder;
			productReference = 62F06B6623846C47002FF664 /* QuoteFInder.app */;
			productType = "com.apple.product-type.application";
		};
/* End PBXNativeTarget section */

/* Begin PBXProject section */
		62F06B5E23846C47002FF664 /* Project object */ = {
			isa = PBXProject;
			attributes = {
				LastSwiftUpdateCheck = 1110;
				LastUpgradeCheck = 1110;
				ORGANIZATIONNAME = "RYAN GREENBURG";
				TargetAttributes = {
					62F06B6523846C47002FF664 = {
						CreatedOnToolsVersion = 11.1;
					};
				};
			};
			buildConfigurationList = 62F06B6123846C47002FF664 /* Build configuration list for PBXProject "QuoteFInder" */;
			compatibilityVersion = "Xcode 9.3";
			developmentRegion = en;
			hasScannedForEncodings = 0;
			knownRegions = (
				en,
				Base,
			);
			mainGroup = 62F06B5D23846C47002FF664;
			productRefGroup = 62F06B6723846C47002FF664 /* Products */;
			projectDirPath = "";
			projectRoot = "";
			targets = (
				62F06B6523846C47002FF664 /* QuoteFInder */,
			);
		};
/* End PBXProject section */

/* Begin PBXResourcesBuildPhase section */
		62F06B6423846C47002FF664 /* Resources */ = {
			isa = PBXResourcesBuildPhase;
			buildActionMask = 2147483647;
			files = (
				62F06B7623846C4B002FF664 /* LaunchScreen.storyboard in Resources */,
				62F06B7323846C4B002FF664 /* Assets.xcassets in Resources */,
				62F06B7123846C47002FF664 /* Main.storyboard in Resources */,
			);
			runOnlyForDeploymentPostprocessing = 0;
		};
/* End PBXResourcesBuildPhase section */

/* Begin PBXSourcesBuildPhase section */
		62F06B6223846C47002FF664 /* Sources */ = {
			isa = PBXSourcesBuildPhase;
			buildActionMask = 2147483647;
			files = (
				62F06B6E23846C47002FF664 /* ViewController.swift in Sources */,
				62F06B6A23846C47002FF664 /* AppDelegate.swift in Sources */,
				62F06B6C23846C47002FF664 /* SceneDelegate.swift in Sources */,
			);
			runOnlyForDeploymentPostprocessing = 0;
		};
/* End PBXSourcesBuildPhase section */

/* Begin PBXVariantGroup section */
		62F06B6F23846C47002FF664 /* Main.storyboard */ = {
			isa = PBXVariantGroup;
			children = (
				62F06B7023846C47002FF664 /* Base */,
			);
			name = Main.storyboard;
			sourceTree = "<group>";
		};
		62F06B7423846C4B002FF664 /* LaunchScreen.storyboard */ = {
			isa = PBXVariantGroup;
			children = (
				62F06B7523846C4B002FF664 /* Base */,
			);
			name = LaunchScreen.storyboard;
			sourceTree = "<group>";
		};
/* End PBXVariantGroup section */

/* Begin XCBuildConfiguration section */
		62F06B7823846C4B002FF664 /* Debug */ = {
			isa = XCBuildConfiguration;
			buildSettings = {
				ALWAYS_SEARCH_USER_PATHS = NO;
				CLANG_ANALYZER_NONNULL = YES;
				CLANG_ANALYZER_NUMBER_OBJECT_CONVERSION = YES_AGGRESSIVE;
				CLANG_CXX_LANGUAGE_STANDARD = "gnu++14";
				CLANG_CXX_LIBRARY = "libc++";
				CLANG_ENABLE_MODULES = YES;
				CLANG_ENABLE_OBJC_ARC = YES;
				CLANG_ENABLE_OBJC_WEAK = YES;
				CLANG_WARN_BLOCK_CAPTURE_AUTORELEASING = YES;
				CLANG_WARN_BOOL_CONVERSION = YES;
				CLANG_WARN_COMMA = YES;
				CLANG_WARN_CONSTANT_CONVERSION = YES;
				CLANG_WARN_DEPRECATED_OBJC_IMPLEMENTATIONS = YES;
				CLANG_WARN_DIRECT_OBJC_ISA_USAGE = YES_ERROR;
				CLANG_WARN_DOCUMENTATION_COMMENTS = YES;
				CLANG_WARN_EMPTY_BODY = YES;
				CLANG_WARN_ENUM_CONVERSION = YES;
				CLANG_WARN_INFINITE_RECURSION = YES;
				CLANG_WARN_INT_CONVERSION = YES;
				CLANG_WARN_NON_LITERAL_NULL_CONVERSION = YES;
				CLANG_WARN_OBJC_IMPLICIT_RETAIN_SELF = YES;
				CLANG_WARN_OBJC_LITERAL_CONVERSION = YES;
				CLANG_WARN_OBJC_ROOT_CLASS = YES_ERROR;
				CLANG_WARN_RANGE_LOOP_ANALYSIS = YES;
				CLANG_WARN_STRICT_PROTOTYPES = YES;
				CLANG_WARN_SUSPICIOUS_MOVE = YES;
				CLANG_WARN_UNGUARDED_AVAILABILITY = YES_AGGRESSIVE;
				CLANG_WARN_UNREACHABLE_CODE = YES;
				CLANG_WARN__DUPLICATE_METHOD_MATCH = YES;
				COPY_PHASE_STRIP = NO;
				DEBUG_INFORMATION_FORMAT = dwarf;
				ENABLE_STRICT_OBJC_MSGSEND = YES;
				ENABLE_TESTABILITY = YES;
				GCC_C_LANGUAGE_STANDARD = gnu11;
				GCC_DYNAMIC_NO_PIC = NO;
				GCC_NO_COMMON_BLOCKS = YES;
				GCC_OPTIMIZATION_LEVEL = 0;
				GCC_PREPROCESSOR_DEFINITIONS = (
					"DEBUG=1",
					"$(inherited)",
				);
				GCC_WARN_64_TO_32_BIT_CONVERSION = YES;
				GCC_WARN_ABOUT_RETURN_TYPE = YES_ERROR;
				GCC_WARN_UNDECLARED_SELECTOR = YES;
				GCC_WARN_UNINITIALIZED_AUTOS = YES_AGGRESSIVE;
				GCC_WARN_UNUSED_FUNCTION = YES;
				GCC_WARN_UNUSED_VARIABLE = YES;
				IPHONEOS_DEPLOYMENT_TARGET = 13.1;
				MTL_ENABLE_DEBUG_INFO = INCLUDE_SOURCE;
				MTL_FAST_MATH = YES;
				ONLY_ACTIVE_ARCH = YES;
				SDKROOT = iphoneos;
				SWIFT_ACTIVE_COMPILATION_CONDITIONS = DEBUG;
				SWIFT_OPTIMIZATION_LEVEL = "-Onone";
			};
			name = Debug;
		};
		62F06B7923846C4B002FF664 /* Release */ = {
			isa = XCBuildConfiguration;
			buildSettings = {
				ALWAYS_SEARCH_USER_PATHS = NO;
				CLANG_ANALYZER_NONNULL = YES;
				CLANG_ANALYZER_NUMBER_OBJECT_CONVERSION = YES_AGGRESSIVE;
				CLANG_CXX_LANGUAGE_STANDARD = "gnu++14";
				CLANG_CXX_LIBRARY = "libc++";
				CLANG_ENABLE_MODULES = YES;
				CLANG_ENABLE_OBJC_ARC = YES;
				CLANG_ENABLE_OBJC_WEAK = YES;
				CLANG_WARN_BLOCK_CAPTURE_AUTORELEASING = YES;
				CLANG_WARN_BOOL_CONVERSION = YES;
				CLANG_WARN_COMMA = YES;
				CLANG_WARN_CONSTANT_CONVERSION = YES;
				CLANG_WARN_DEPRECATED_OBJC_IMPLEMENTATIONS = YES;
				CLANG_WARN_DIRECT_OBJC_ISA_USAGE = YES_ERROR;
				CLANG_WARN_DOCUMENTATION_COMMENTS = YES;
				CLANG_WARN_EMPTY_BODY = YES;
				CLANG_WARN_ENUM_CONVERSION = YES;
				CLANG_WARN_INFINITE_RECURSION = YES;
				CLANG_WARN_INT_CONVERSION = YES;
				CLANG_WARN_NON_LITERAL_NULL_CONVERSION = YES;
				CLANG_WARN_OBJC_IMPLICIT_RETAIN_SELF = YES;
				CLANG_WARN_OBJC_LITERAL_CONVERSION = YES;
				CLANG_WARN_OBJC_ROOT_CLASS = YES_ERROR;
				CLANG_WARN_RANGE_LOOP_ANALYSIS = YES;
				CLANG_WARN_STRICT_PROTOTYPES = YES;
				CLANG_WARN_SUSPICIOUS_MOVE = YES;
				CLANG_WARN_UNGUARDED_AVAILABILITY = YES_AGGRESSIVE;
				CLANG_WARN_UNREACHABLE_CODE = YES;
				CLANG_WARN__DUPLICATE_METHOD_MATCH = YES;
				COPY_PHASE_STRIP = NO;
				DEBUG_INFORMATION_FORMAT = "dwarf-with-dsym";
				ENABLE_NS_ASSERTIONS = NO;
				ENABLE_STRICT_OBJC_MSGSEND = YES;
				GCC_C_LANGUAGE_STANDARD = gnu11;
				GCC_NO_COMMON_BLOCKS = YES;
				GCC_WARN_64_TO_32_BIT_CONVERSION = YES;
				GCC_WARN_ABOUT_RETURN_TYPE = YES_ERROR;
				GCC_WARN_UNDECLARED_SELECTOR = YES;
				GCC_WARN_UNINITIALIZED_AUTOS = YES_AGGRESSIVE;
				GCC_WARN_UNUSED_FUNCTION = YES;
				GCC_WARN_UNUSED_VARIABLE = YES;
				IPHONEOS_DEPLOYMENT_TARGET = 13.1;
				MTL_ENABLE_DEBUG_INFO = NO;
				MTL_FAST_MATH = YES;
				SDKROOT = iphoneos;
				SWIFT_COMPILATION_MODE = wholemodule;
				SWIFT_OPTIMIZATION_LEVEL = "-O";
				VALIDATE_PRODUCT = YES;
			};
			name = Release;
		};
		62F06B7B23846C4B002FF664 /* Debug */ = {
			isa = XCBuildConfiguration;
			buildSettings = {
				ASSETCATALOG_COMPILER_APPICON_NAME = AppIcon;
				CODE_SIGN_STYLE = Automatic;
				DEVELOPMENT_TEAM = H8C27D6HU3;
				INFOPLIST_FILE = QuoteFInder/Info.plist;
				LD_RUNPATH_SEARCH_PATHS = (
					"$(inherited)",
					"@executable_path/Frameworks",
				);
				PRODUCT_BUNDLE_IDENTIFIER = RG.QuoteFInder;
				PRODUCT_NAME = "$(TARGET_NAME)";
				SWIFT_VERSION = 5.0;
				TARGETED_DEVICE_FAMILY = "1,2";
			};
			name = Debug;
		};
		62F06B7C23846C4B002FF664 /* Release */ = {
			isa = XCBuildConfiguration;
			buildSettings = {
				ASSETCATALOG_COMPILER_APPICON_NAME = AppIcon;
				CODE_SIGN_STYLE = Automatic;
				DEVELOPMENT_TEAM = H8C27D6HU3;
				INFOPLIST_FILE = QuoteFInder/Info.plist;
				LD_RUNPATH_SEARCH_PATHS = (
					"$(inherited)",
					"@executable_path/Frameworks",
				);
				PRODUCT_BUNDLE_IDENTIFIER = RG.QuoteFInder;
				PRODUCT_NAME = "$(TARGET_NAME)";
				SWIFT_VERSION = 5.0;
				TARGETED_DEVICE_FAMILY = "1,2";
			};
			name = Release;
		};
/* End XCBuildConfiguration section */

/* Begin XCConfigurationList section */
		62F06B6123846C47002FF664 /* Build configuration list for PBXProject "QuoteFInder" */ = {
			isa = XCConfigurationList;
			buildConfigurations = (
				62F06B7823846C4B002FF664 /* Debug */,
				62F06B7923846C4B002FF664 /* Release */,
			);
			defaultConfigurationIsVisible = 0;
			defaultConfigurationName = Release;
		};
		62F06B7A23846C4B002FF664 /* Build configuration list for PBXNativeTarget "QuoteFInder" */ = {
			isa = XCConfigurationList;
			buildConfigurations = (
				62F06B7B23846C4B002FF664 /* Debug */,
				62F06B7C23846C4B002FF664 /* Release */,
			);
			defaultConfigurationIsVisible = 0;
			defaultConfigurationName = Release;
		};
/* End XCConfigurationList section */
	};
	rootObject = 62F06B5E23846C47002FF664 /* Project object */;
}
